
Microsoft Visual Studio Solution File, Format Version 12.00
# Visual Studio Version 16
VisualStudioVersion = 16.0.30011.22
MinimumVisualStudioVersion = 10.0.40219.1
Project("{FAE04EC0-301F-11D3-BF4B-00C04F79EFBC}") = "222", "222.csproj", "{8DEEEB35-4936-433B-BE27-FCA479594E47}"
EndProject
Global
	GlobalSection(SolutionConfigurationPlatforms) = preSolution
		Debug|Any CPU = Debug|Any CPU
		Release|Any CPU = Release|Any CPU
	EndGlobalSection
	GlobalSection(ProjectConfigurationPlatforms) = postSolution
		{8DEEEB35-4936-433B-BE27-FCA479594E47}.Debug|Any CPU.ActiveCfg = Debug|Any CPU
		{8DEEEB35-4936-433B-BE27-FCA479594E47}.Debug|Any CPU.Build.0 = Debug|Any CPU
		{8DEEEB35-4936-433B-BE27-FCA479594E47}.Release|Any CPU.ActiveCfg = Release|Any CPU
		{8DEEEB35-4936-433B-BE27-FCA479594E47}.Release|Any CPU.Build.0 = Release|Any CPU
	EndGlobalSection
	GlobalSection(SolutionProperties) = preSolution
		HideSolutionNode = FALSE
	EndGlobalSection
	GlobalSection(ExtensibilityGlobals) = postSolution
		SolutionGuid = {FEFE9C09-67CA-4BA1-B2D9-8B9D68E4CCBF}
	EndGlobalSection
EndGlobal
